
Microsoft Visual Studio Solution File, Format Version 12.00
# Visual Studio Version 17
VisualStudioVersion = 17.5.2.0
MinimumVisualStudioVersion = 10.0.40219.1
Project("{FAE04EC0-301F-11D3-BF4B-00C04F79EFBC}") = "JMChamagas.Domain", "JMChamagas.Domain\JMChamagas.Domain.csproj", "{61091202-F251-616C-CF6F-EAD0F3C5E582}"
EndProject
Project("{FAE04EC0-301F-11D3-BF4B-00C04F79EFBC}") = "JMChamagas.Web", "JMChamagas.Web\JMChamagas.Web.csproj", "{236552D4-56D1-4B0F-A87F-209DCB858B96}"
EndProject
Global
	GlobalSection(SolutionConfigurationPlatforms) = preSolution
		Debug|Any CPU = Debug|Any CPU
		Debug|x64 = Debug|x64
		Debug|x86 = Debug|x86
		Release|Any CPU = Release|Any CPU
		Release|x64 = Release|x64
		Release|x86 = Release|x86
	EndGlobalSection
	GlobalSection(ProjectConfigurationPlatforms) = postSolution
		{61091202-F251-616C-CF6F-EAD0F3C5E582}.Debug|Any CPU.ActiveCfg = Debug|Any CPU
		{61091202-F251-616C-CF6F-EAD0F3C5E582}.Debug|Any CPU.Build.0 = Debug|Any CPU
		{61091202-F251-616C-CF6F-EAD0F3C5E582}.Debug|x64.ActiveCfg = Debug|Any CPU
		{61091202-F251-616C-CF6F-EAD0F3C5E582}.Debug|x64.Build.0 = Debug|Any CPU
		{61091202-F251-616C-CF6F-EAD0F3C5E582}.Debug|x86.ActiveCfg = Debug|Any CPU
		{61091202-F251-616C-CF6F-EAD0F3C5E582}.Debug|x86.Build.0 = Debug|Any CPU
		{61091202-F251-616C-CF6F-EAD0F3C5E582}.Release|Any CPU.ActiveCfg = Release|Any CPU
		{61091202-F251-616C-CF6F-EAD0F3C5E582}.Release|Any CPU.Build.0 = Release|Any CPU
		{61091202-F251-616C-CF6F-EAD0F3C5E582}.Release|x64.ActiveCfg = Release|Any CPU
		{61091202-F251-616C-CF6F-EAD0F3C5E582}.Release|x64.Build.0 = Release|Any CPU
		{61091202-F251-616C-CF6F-EAD0F3C5E582}.Release|x86.ActiveCfg = Release|Any CPU
		{61091202-F251-616C-CF6F-EAD0F3C5E582}.Release|x86.Build.0 = Release|Any CPU
		{236552D4-56D1-4B0F-A87F-209DCB858B96}.Debug|Any CPU.ActiveCfg = Debug|Any CPU
		{236552D4-56D1-4B0F-A87F-209DCB858B96}.Debug|Any CPU.Build.0 = Debug|Any CPU
		{236552D4-56D1-4B0F-A87F-209DCB858B96}.Debug|x64.ActiveCfg = Debug|Any CPU
		{236552D4-56D1-4B0F-A87F-209DCB858B96}.Debug|x64.Build.0 = Debug|Any CPU
		{236552D4-56D1-4B0F-A87F-209DCB858B96}.Debug|x86.ActiveCfg = Debug|Any CPU
		{236552D4-56D1-4B0F-A87F-209DCB858B96}.Debug|x86.Build.0 = Debug|Any CPU
		{236552D4-56D1-4B0F-A87F-209DCB858B96}.Release|Any CPU.ActiveCfg = Release|Any CPU
		{236552D4-56D1-4B0F-A87F-209DCB858B96}.Release|Any CPU.Build.0 = Release|Any CPU
		{236552D4-56D1-4B0F-A87F-209DCB858B96}.Release|x64.ActiveCfg = Release|Any CPU
		{236552D4-56D1-4B0F-A87F-209DCB858B96}.Release|x64.Build.0 = Release|Any CPU
		{236552D4-56D1-4B0F-A87F-209DCB858B96}.Release|x86.ActiveCfg = Release|Any CPU
		{236552D4-56D1-4B0F-A87F-209DCB858B96}.Release|x86.Build.0 = Release|Any CPU
	EndGlobalSection
	GlobalSection(SolutionProperties) = preSolution
		HideSolutionNode = FALSE
	EndGlobalSection
	GlobalSection(ExtensibilityGlobals) = postSolution
		SolutionGuid = {C64A7133-D31D-41FF-AAA6-DE3B0140C938}
	EndGlobalSection
EndGlobal
